{
  "name": "js",
  "lockfileVersion": 2,
  "requires": true,
  "packages": {
    "": {
      "dependencies": {
        "@splidejs/splide": "^3.3.1"
      }
    },
    "node_modules/@splidejs/splide": {
      "version": "3.3.1",
      "resolved": "https://registry.npmjs.org/@splidejs/splide/-/splide-3.3.1.tgz",
      "integrity": "sha512-wb2ZQ7R/7aEJrpC68QNAuPVpsrix9hz3/gTgwy4org+6S2Kf4sQHZzWzj9Yd7NFxlNGVtnvZJjWqPwsrAgTiZg=="
    }
  },
  "dependencies": {
    "@splidejs/splide": {
      "version": "3.3.1",
      "resolved": "https://registry.npmjs.org/@splidejs/splide/-/splide-3.3.1.tgz",
      "integrity": "sha512-wb2ZQ7R/7aEJrpC68QNAuPVpsrix9hz3/gTgwy4org+6S2Kf4sQHZzWzj9Yd7NFxlNGVtnvZJjWqPwsrAgTiZg=="
    }
  }
}
